
Microsoft Visual Studio Solution File, Format Version 12.00
# Visual Studio Version 16
VisualStudioVersion = 16.0.29215.179
MinimumVisualStudioVersion = 10.0.40219.1
Project("{FAE04EC0-301F-11D3-BF4B-00C04F79EFBC}") = "MultiLibrary.UWP", "MultiLibrary\MultiLibrary.UWP\MultiLibrary.UWP.csproj", "{E4025ACC-8F57-41B4-944C-32F072D6971B}"
EndProject
Project("{FAE04EC0-301F-11D3-BF4B-00C04F79EFBC}") = "MultiLibrary.Android", "MultiLibrary\MultiLibrary.Android\MultiLibrary.Android.csproj", "{12B23537-77FA-4B8C-8CD3-737AABA647C1}"
EndProject
Project("{FAE04EC0-301F-11D3-BF4B-00C04F79EFBC}") = "MultiLibrary.iOS", "MultiLibrary\MultiLibrary.iOS\MultiLibrary.iOS.csproj", "{792C31EF-3338-451D-8886-27C60B18DFEE}"
EndProject
Project("{9A19103F-16F7-4668-BE54-9A1E7A4F7556}") = "MultiLibrary", "MultiLibrary\MultiLibrary\MultiLibrary.csproj", "{A1988096-1464-4CA3-857A-97178B2E9579}"
EndProject
Project("{2150E333-8FDC-42A3-9474-1A3956D46DE8}") = "App", "App", "{7FDB74C1-FE53-44AD-8E8C-07717369BA9D}"
EndProject
Project("{9A19103F-16F7-4668-BE54-9A1E7A4F7556}") = "MyPlugin.Abstractions", "MyPlugin.Abstractions\MyPlugin.Abstractions.csproj", "{26C79507-71B5-4BEB-8935-A34F969AE2B9}"
EndProject
Project("{9A19103F-16F7-4668-BE54-9A1E7A4F7556}") = "MyPlugin", "MyPlugin\MyPlugin.csproj", "{618AE46A-E4A5-406C-A3FE-B678044CD971}"
EndProject
Project("{D954291E-2A0B-460D-934E-DC6B0785DB48}") = "MyPlugin.Shared", "MyPlugin.Shared\MyPlugin.Shared.shproj", "{D5DB44A2-82C5-4BAA-97F8-C48305CD59ED}"
EndProject
Project("{FAE04EC0-301F-11D3-BF4B-00C04F79EFBC}") = "MyPlugin.Uwp", "MyPlugin.Uwp\MyPlugin.Uwp.csproj", "{DB4CC898-1D9A-4554-85EF-2BE4958D66D9}"
EndProject
Project("{FAE04EC0-301F-11D3-BF4B-00C04F79EFBC}") = "MyPlugin.iOS", "MyPlugin.iOS\MyPlugin.iOS.csproj", "{BA2DB924-1A41-4354-9C35-D1A6874C116C}"
EndProject
Project("{FAE04EC0-301F-11D3-BF4B-00C04F79EFBC}") = "MyPlugin.Droid", "MyPlugin.Droid\MyPlugin.Droid.csproj", "{5473D42C-0BA9-4E39-873E-7B131E69911F}"
EndProject
Project("{FAE04EC0-301F-11D3-BF4B-00C04F79EFBC}") = "MyBetterPlugin", "MyBetterPlugin\MyBetterPlugin.csproj", "{C22A9EFA-EB3B-45D8-843D-9347FF6445C5}"
EndProject
Global
	GlobalSection(SharedMSBuildProjectFiles) = preSolution
		MyPlugin.Shared\MyPlugin.Shared.projitems*{5473d42c-0ba9-4e39-873e-7b131e69911f}*SharedItemsImports = 4
		MyPlugin.Shared\MyPlugin.Shared.projitems*{ba2db924-1a41-4354-9c35-d1a6874c116c}*SharedItemsImports = 4
		MyPlugin.Shared\MyPlugin.Shared.projitems*{d5db44a2-82c5-4baa-97f8-c48305cd59ed}*SharedItemsImports = 13
		MyPlugin.Shared\MyPlugin.Shared.projitems*{db4cc898-1d9a-4554-85ef-2be4958d66d9}*SharedItemsImports = 4
	EndGlobalSection
	GlobalSection(SolutionConfigurationPlatforms) = preSolution
		Debug|Any CPU = Debug|Any CPU
		Debug|ARM = Debug|ARM
		Debug|ARM64 = Debug|ARM64
		Debug|iPhone = Debug|iPhone
		Debug|iPhoneSimulator = Debug|iPhoneSimulator
		Debug|x64 = Debug|x64
		Debug|x86 = Debug|x86
		Release|Any CPU = Release|Any CPU
		Release|ARM = Release|ARM
		Release|ARM64 = Release|ARM64
		Release|iPhone = Release|iPhone
		Release|iPhoneSimulator = Release|iPhoneSimulator
		Release|x64 = Release|x64
		Release|x86 = Release|x86
	EndGlobalSection
	GlobalSection(ProjectConfigurationPlatforms) = postSolution
		{E4025ACC-8F57-41B4-944C-32F072D6971B}.Debug|Any CPU.ActiveCfg = Debug|x86
		{E4025ACC-8F57-41B4-944C-32F072D6971B}.Debug|Any CPU.Build.0 = Debug|x86
		{E4025ACC-8F57-41B4-944C-32F072D6971B}.Debug|Any CPU.Deploy.0 = Debug|x86
		{E4025ACC-8F57-41B4-944C-32F072D6971B}.Debug|ARM.ActiveCfg = Debug|ARM
		{E4025ACC-8F57-41B4-944C-32F072D6971B}.Debug|ARM.Build.0 = Debug|ARM
		{E4025ACC-8F57-41B4-944C-32F072D6971B}.Debug|ARM.Deploy.0 = Debug|ARM
		{E4025ACC-8F57-41B4-944C-32F072D6971B}.Debug|ARM64.ActiveCfg = Debug|x86
		{E4025ACC-8F57-41B4-944C-32F072D6971B}.Debug|iPhone.ActiveCfg = Debug|x86
		{E4025ACC-8F57-41B4-944C-32F072D6971B}.Debug|iPhone.Build.0 = Debug|x86
		{E4025ACC-8F57-41B4-944C-32F072D6971B}.Debug|iPhone.Deploy.0 = Debug|x86
		{E4025ACC-8F57-41B4-944C-32F072D6971B}.Debug|iPhoneSimulator.ActiveCfg = Debug|x86
		{E4025ACC-8F57-41B4-944C-32F072D6971B}.Debug|iPhoneSimulator.Build.0 = Debug|x86
		{E4025ACC-8F57-41B4-944C-32F072D6971B}.Debug|iPhoneSimulator.Deploy.0 = Debug|x86
		{E4025ACC-8F57-41B4-944C-32F072D6971B}.Debug|x64.ActiveCfg = Debug|x64
		{E4025ACC-8F57-41B4-944C-32F072D6971B}.Debug|x64.Build.0 = Debug|x64
		{E4025ACC-8F57-41B4-944C-32F072D6971B}.Debug|x64.Deploy.0 = Debug|x64
		{E4025ACC-8F57-41B4-944C-32F072D6971B}.Debug|x86.ActiveCfg = Debug|x86
		{E4025ACC-8F57-41B4-944C-32F072D6971B}.Debug|x86.Build.0 = Debug|x86
		{E4025ACC-8F57-41B4-944C-32F072D6971B}.Debug|x86.Deploy.0 = Debug|x86
		{E4025ACC-8F57-41B4-944C-32F072D6971B}.Release|Any CPU.ActiveCfg = Release|x86
		{E4025ACC-8F57-41B4-944C-32F072D6971B}.Release|Any CPU.Build.0 = Release|x86
		{E4025ACC-8F57-41B4-944C-32F072D6971B}.Release|Any CPU.Deploy.0 = Release|x86
		{E4025ACC-8F57-41B4-944C-32F072D6971B}.Release|ARM.ActiveCfg = Release|ARM
		{E4025ACC-8F57-41B4-944C-32F072D6971B}.Release|ARM.Build.0 = Release|ARM
		{E4025ACC-8F57-41B4-944C-32F072D6971B}.Release|ARM.Deploy.0 = Release|ARM
		{E4025ACC-8F57-41B4-944C-32F072D6971B}.Release|ARM64.ActiveCfg = Release|x86
		{E4025ACC-8F57-41B4-944C-32F072D6971B}.Release|iPhone.ActiveCfg = Release|x86
		{E4025ACC-8F57-41B4-944C-32F072D6971B}.Release|iPhone.Build.0 = Release|x86
		{E4025ACC-8F57-41B4-944C-32F072D6971B}.Release|iPhone.Deploy.0 = Release|x86
		{E4025ACC-8F57-41B4-944C-32F072D6971B}.Release|iPhoneSimulator.ActiveCfg = Release|x86
		{E4025ACC-8F57-41B4-944C-32F072D6971B}.Release|iPhoneSimulator.Build.0 = Release|x86
		{E4025ACC-8F57-41B4-944C-32F072D6971B}.Release|iPhoneSimulator.Deploy.0 = Release|x86
		{E4025ACC-8F57-41B4-944C-32F072D6971B}.Release|x64.ActiveCfg = Release|x64
		{E4025ACC-8F57-41B4-944C-32F072D6971B}.Release|x64.Build.0 = Release|x64
		{E4025ACC-8F57-41B4-944C-32F072D6971B}.Release|x64.Deploy.0 = Release|x64
		{E4025ACC-8F57-41B4-944C-32F072D6971B}.Release|x86.ActiveCfg = Release|x86
		{E4025ACC-8F57-41B4-944C-32F072D6971B}.Release|x86.Build.0 = Release|x86
		{E4025ACC-8F57-41B4-944C-32F072D6971B}.Release|x86.Deploy.0 = Release|x86
		{12B23537-77FA-4B8C-8CD3-737AABA647C1}.Debug|Any CPU.ActiveCfg = Debug|Any CPU
		{12B23537-77FA-4B8C-8CD3-737AABA647C1}.Debug|Any CPU.Build.0 = Debug|Any CPU
		{12B23537-77FA-4B8C-8CD3-737AABA647C1}.Debug|Any CPU.Deploy.0 = Debug|Any CPU
		{12B23537-77FA-4B8C-8CD3-737AABA647C1}.Debug|ARM.ActiveCfg = Debug|Any CPU
		{12B23537-77FA-4B8C-8CD3-737AABA647C1}.Debug|ARM.Build.0 = Debug|Any CPU
		{12B23537-77FA-4B8C-8CD3-737AABA647C1}.Debug|ARM.Deploy.0 = Debug|Any CPU
		{12B23537-77FA-4B8C-8CD3-737AABA647C1}.Debug|ARM64.ActiveCfg = Debug|Any CPU
		{12B23537-77FA-4B8C-8CD3-737AABA647C1}.Debug|ARM64.Build.0 = Debug|Any CPU
		{12B23537-77FA-4B8C-8CD3-737AABA647C1}.Debug|ARM64.Deploy.0 = Debug|Any CPU
		{12B23537-77FA-4B8C-8CD3-737AABA647C1}.Debug|iPhone.ActiveCfg = Debug|Any CPU
		{12B23537-77FA-4B8C-8CD3-737AABA647C1}.Debug|iPhone.Build.0 = Debug|Any CPU
		{12B23537-77FA-4B8C-8CD3-737AABA647C1}.Debug|iPhone.Deploy.0 = Debug|Any CPU
		{12B23537-77FA-4B8C-8CD3-737AABA647C1}.Debug|iPhoneSimulator.ActiveCfg = Debug|Any CPU
		{12B23537-77FA-4B8C-8CD3-737AABA647C1}.Debug|iPhoneSimulator.Build.0 = Debug|Any CPU
		{12B23537-77FA-4B8C-8CD3-737AABA647C1}.Debug|iPhoneSimulator.Deploy.0 = Debug|Any CPU
		{12B23537-77FA-4B8C-8CD3-737AABA647C1}.Debug|x64.ActiveCfg = Debug|Any CPU
		{12B23537-77FA-4B8C-8CD3-737AABA647C1}.Debug|x64.Build.0 = Debug|Any CPU
		{12B23537-77FA-4B8C-8CD3-737AABA647C1}.Debug|x64.Deploy.0 = Debug|Any CPU
		{12B23537-77FA-4B8C-8CD3-737AABA647C1}.Debug|x86.ActiveCfg = Debug|Any CPU
		{12B23537-77FA-4B8C-8CD3-737AABA647C1}.Debug|x86.Build.0 = Debug|Any CPU
		{12B23537-77FA-4B8C-8CD3-737AABA647C1}.Debug|x86.Deploy.0 = Debug|Any CPU
		{12B23537-77FA-4B8C-8CD3-737AABA647C1}.Release|Any CPU.ActiveCfg = Release|Any CPU
		{12B23537-77FA-4B8C-8CD3-737AABA647C1}.Release|Any CPU.Build.0 = Release|Any CPU
		{12B23537-77FA-4B8C-8CD3-737AABA647C1}.Release|Any CPU.Deploy.0 = Release|Any CPU
		{12B23537-77FA-4B8C-8CD3-737AABA647C1}.Release|ARM.ActiveCfg = Release|Any CPU
		{12B23537-77FA-4B8C-8CD3-737AABA647C1}.Release|ARM.Build.0 = Release|Any CPU
		{12B23537-77FA-4B8C-8CD3-737AABA647C1}.Release|ARM.Deploy.0 = Release|Any CPU
		{12B23537-77FA-4B8C-8CD3-737AABA647C1}.Release|ARM64.ActiveCfg = Release|Any CPU
		{12B23537-77FA-4B8C-8CD3-737AABA647C1}.Release|ARM64.Build.0 = Release|Any CPU
		{12B23537-77FA-4B8C-8CD3-737AABA647C1}.Release|ARM64.Deploy.0 = Release|Any CPU
		{12B23537-77FA-4B8C-8CD3-737AABA647C1}.Release|iPhone.ActiveCfg = Release|Any CPU
		{12B23537-77FA-4B8C-8CD3-737AABA647C1}.Release|iPhone.Build.0 = Release|Any CPU
		{12B23537-77FA-4B8C-8CD3-737AABA647C1}.Release|iPhone.Deploy.0 = Release|Any CPU
		{12B23537-77FA-4B8C-8CD3-737AABA647C1}.Release|iPhoneSimulator.ActiveCfg = Release|Any CPU
		{12B23537-77FA-4B8C-8CD3-737AABA647C1}.Release|iPhoneSimulator.Build.0 = Release|Any CPU
		{12B23537-77FA-4B8C-8CD3-737AABA647C1}.Release|iPhoneSimulator.Deploy.0 = Release|Any CPU
		{12B23537-77FA-4B8C-8CD3-737AABA647C1}.Release|x64.ActiveCfg = Release|Any CPU
		{12B23537-77FA-4B8C-8CD3-737AABA647C1}.Release|x64.Build.0 = Release|Any CPU
		{12B23537-77FA-4B8C-8CD3-737AABA647C1}.Release|x64.Deploy.0 = Release|Any CPU
		{12B23537-77FA-4B8C-8CD3-737AABA647C1}.Release|x86.ActiveCfg = Release|Any CPU
		{12B23537-77FA-4B8C-8CD3-737AABA647C1}.Release|x86.Build.0 = Release|Any CPU
		{12B23537-77FA-4B8C-8CD3-737AABA647C1}.Release|x86.Deploy.0 = Release|Any CPU
		{792C31EF-3338-451D-8886-27C60B18DFEE}.Debug|Any CPU.ActiveCfg = Debug|iPhone
		{792C31EF-3338-451D-8886-27C60B18DFEE}.Debug|Any CPU.Build.0 = Debug|iPhone
		{792C31EF-3338-451D-8886-27C60B18DFEE}.Debug|Any CPU.Deploy.0 = Debug|iPhone
		{792C31EF-3338-451D-8886-27C60B18DFEE}.Debug|ARM.ActiveCfg = Debug|iPhoneSimulator
		{792C31EF-3338-451D-8886-27C60B18DFEE}.Debug|ARM.Build.0 = Debug|iPhoneSimulator
		{792C31EF-3338-451D-8886-27C60B18DFEE}.Debug|ARM.Deploy.0 = Debug|iPhoneSimulator
		{792C31EF-3338-451D-8886-27C60B18DFEE}.Debug|ARM64.ActiveCfg = Debug|iPhone
		{792C31EF-3338-451D-8886-27C60B18DFEE}.Debug|iPhone.ActiveCfg = Debug|iPhone
		{792C31EF-3338-451D-8886-27C60B18DFEE}.Debug|iPhone.Build.0 = Debug|iPhone
		{792C31EF-3338-451D-8886-27C60B18DFEE}.Debug|iPhone.Deploy.0 = Debug|iPhone
		{792C31EF-3338-451D-8886-27C60B18DFEE}.Debug|iPhoneSimulator.ActiveCfg = Debug|iPhoneSimulator
		{792C31EF-3338-451D-8886-27C60B18DFEE}.Debug|iPhoneSimulator.Build.0 = Debug|iPhoneSimulator
		{792C31EF-3338-451D-8886-27C60B18DFEE}.Debug|iPhoneSimulator.Deploy.0 = Debug|iPhoneSimulator
		{792C31EF-3338-451D-8886-27C60B18DFEE}.Debug|x64.ActiveCfg = Debug|iPhone
		{792C31EF-3338-451D-8886-27C60B18DFEE}.Debug|x64.Build.0 = Debug|iPhone
		{792C31EF-3338-451D-8886-27C60B18DFEE}.Debug|x64.Deploy.0 = Debug|iPhone
		{792C31EF-3338-451D-8886-27C60B18DFEE}.Debug|x86.ActiveCfg = Debug|iPhone
		{792C31EF-3338-451D-8886-27C60B18DFEE}.Debug|x86.Build.0 = Debug|iPhone
		{792C31EF-3338-451D-8886-27C60B18DFEE}.Debug|x86.Deploy.0 = Debug|iPhone
		{792C31EF-3338-451D-8886-27C60B18DFEE}.Release|Any CPU.ActiveCfg = Release|iPhone
		{792C31EF-3338-451D-8886-27C60B18DFEE}.Release|Any CPU.Build.0 = Release|iPhone
		{792C31EF-3338-451D-8886-27C60B18DFEE}.Release|Any CPU.Deploy.0 = Release|iPhone
		{792C31EF-3338-451D-8886-27C60B18DFEE}.Release|ARM.ActiveCfg = Release|iPhone
		{792C31EF-3338-451D-8886-27C60B18DFEE}.Release|ARM.Build.0 = Release|iPhone
		{792C31EF-3338-451D-8886-27C60B18DFEE}.Release|ARM.Deploy.0 = Release|iPhone
		{792C31EF-3338-451D-8886-27C60B18DFEE}.Release|ARM64.ActiveCfg = Release|iPhone
		{792C31EF-3338-451D-8886-27C60B18DFEE}.Release|iPhone.ActiveCfg = Release|iPhone
		{792C31EF-3338-451D-8886-27C60B18DFEE}.Release|iPhone.Build.0 = Release|iPhone
		{792C31EF-3338-451D-8886-27C60B18DFEE}.Release|iPhone.Deploy.0 = Release|iPhone
		{792C31EF-3338-451D-8886-27C60B18DFEE}.Release|iPhoneSimulator.ActiveCfg = Release|iPhoneSimulator
		{792C31EF-3338-451D-8886-27C60B18DFEE}.Release|iPhoneSimulator.Build.0 = Release|iPhoneSimulator
		{792C31EF-3338-451D-8886-27C60B18DFEE}.Release|iPhoneSimulator.Deploy.0 = Release|iPhoneSimulator
		{792C31EF-3338-451D-8886-27C60B18DFEE}.Release|x64.ActiveCfg = Release|iPhone
		{792C31EF-3338-451D-8886-27C60B18DFEE}.Release|x64.Build.0 = Release|iPhone
		{792C31EF-3338-451D-8886-27C60B18DFEE}.Release|x64.Deploy.0 = Release|iPhone
		{792C31EF-3338-451D-8886-27C60B18DFEE}.Release|x86.ActiveCfg = Release|iPhone
		{792C31EF-3338-451D-8886-27C60B18DFEE}.Release|x86.Build.0 = Release|iPhone
		{792C31EF-3338-451D-8886-27C60B18DFEE}.Release|x86.Deploy.0 = Release|iPhone
		{A1988096-1464-4CA3-857A-97178B2E9579}.Debug|Any CPU.ActiveCfg = Debug|Any CPU
		{A1988096-1464-4CA3-857A-97178B2E9579}.Debug|Any CPU.Build.0 = Debug|Any CPU
		{A1988096-1464-4CA3-857A-97178B2E9579}.Debug|Any CPU.Deploy.0 = Debug|Any CPU
		{A1988096-1464-4CA3-857A-97178B2E9579}.Debug|ARM.ActiveCfg = Debug|Any CPU
		{A1988096-1464-4CA3-857A-97178B2E9579}.Debug|ARM.Build.0 = Debug|Any CPU
		{A1988096-1464-4CA3-857A-97178B2E9579}.Debug|ARM.Deploy.0 = Debug|Any CPU
		{A1988096-1464-4CA3-857A-97178B2E9579}.Debug|ARM64.ActiveCfg = Debug|Any CPU
		{A1988096-1464-4CA3-857A-97178B2E9579}.Debug|ARM64.Build.0 = Debug|Any CPU
		{A1988096-1464-4CA3-857A-97178B2E9579}.Debug|iPhone.ActiveCfg = Debug|Any CPU
		{A1988096-1464-4CA3-857A-97178B2E9579}.Debug|iPhone.Build.0 = Debug|Any CPU
		{A1988096-1464-4CA3-857A-97178B2E9579}.Debug|iPhone.Deploy.0 = Debug|Any CPU
		{A1988096-1464-4CA3-857A-97178B2E9579}.Debug|iPhoneSimulator.ActiveCfg = Debug|Any CPU
		{A1988096-1464-4CA3-857A-97178B2E9579}.Debug|iPhoneSimulator.Build.0 = Debug|Any CPU
		{A1988096-1464-4CA3-857A-97178B2E9579}.Debug|iPhoneSimulator.Deploy.0 = Debug|Any CPU
		{A1988096-1464-4CA3-857A-97178B2E9579}.Debug|x64.ActiveCfg = Debug|Any CPU
		{A1988096-1464-4CA3-857A-97178B2E9579}.Debug|x64.Build.0 = Debug|Any CPU
		{A1988096-1464-4CA3-857A-97178B2E9579}.Debug|x64.Deploy.0 = Debug|Any CPU
		{A1988096-1464-4CA3-857A-97178B2E9579}.Debug|x86.ActiveCfg = Debug|Any CPU
		{A1988096-1464-4CA3-857A-97178B2E9579}.Debug|x86.Build.0 = Debug|Any CPU
		{A1988096-1464-4CA3-857A-97178B2E9579}.Debug|x86.Deploy.0 = Debug|Any CPU
		{A1988096-1464-4CA3-857A-97178B2E9579}.Release|Any CPU.ActiveCfg = Release|Any CPU
		{A1988096-1464-4CA3-857A-97178B2E9579}.Release|Any CPU.Build.0 = Release|Any CPU
		{A1988096-1464-4CA3-857A-97178B2E9579}.Release|Any CPU.Deploy.0 = Release|Any CPU
		{A1988096-1464-4CA3-857A-97178B2E9579}.Release|ARM.ActiveCfg = Release|Any CPU
		{A1988096-1464-4CA3-857A-97178B2E9579}.Release|ARM.Build.0 = Release|Any CPU
		{A1988096-1464-4CA3-857A-97178B2E9579}.Release|ARM.Deploy.0 = Release|Any CPU
		{A1988096-1464-4CA3-857A-97178B2E9579}.Release|ARM64.ActiveCfg = Release|Any CPU
		{A1988096-1464-4CA3-857A-97178B2E9579}.Release|ARM64.Build.0 = Release|Any CPU
		{A1988096-1464-4CA3-857A-97178B2E9579}.Release|iPhone.ActiveCfg = Release|Any CPU
		{A1988096-1464-4CA3-857A-97178B2E9579}.Release|iPhone.Build.0 = Release|Any CPU
		{A1988096-1464-4CA3-857A-97178B2E9579}.Release|iPhone.Deploy.0 = Release|Any CPU
		{A1988096-1464-4CA3-857A-97178B2E9579}.Release|iPhoneSimulator.ActiveCfg = Release|Any CPU
		{A1988096-1464-4CA3-857A-97178B2E9579}.Release|iPhoneSimulator.Build.0 = Release|Any CPU
		{A1988096-1464-4CA3-857A-97178B2E9579}.Release|iPhoneSimulator.Deploy.0 = Release|Any CPU
		{A1988096-1464-4CA3-857A-97178B2E9579}.Release|x64.ActiveCfg = Release|Any CPU
		{A1988096-1464-4CA3-857A-97178B2E9579}.Release|x64.Build.0 = Release|Any CPU
		{A1988096-1464-4CA3-857A-97178B2E9579}.Release|x64.Deploy.0 = Release|Any CPU
		{A1988096-1464-4CA3-857A-97178B2E9579}.Release|x86.ActiveCfg = Release|Any CPU
		{A1988096-1464-4CA3-857A-97178B2E9579}.Release|x86.Build.0 = Release|Any CPU
		{A1988096-1464-4CA3-857A-97178B2E9579}.Release|x86.Deploy.0 = Release|Any CPU
		{26C79507-71B5-4BEB-8935-A34F969AE2B9}.Debug|Any CPU.ActiveCfg = Debug|Any CPU
		{26C79507-71B5-4BEB-8935-A34F969AE2B9}.Debug|Any CPU.Build.0 = Debug|Any CPU
		{26C79507-71B5-4BEB-8935-A34F969AE2B9}.Debug|ARM.ActiveCfg = Debug|Any CPU
		{26C79507-71B5-4BEB-8935-A34F969AE2B9}.Debug|ARM.Build.0 = Debug|Any CPU
		{26C79507-71B5-4BEB-8935-A34F969AE2B9}.Debug|ARM64.ActiveCfg = Debug|Any CPU
		{26C79507-71B5-4BEB-8935-A34F969AE2B9}.Debug|ARM64.Build.0 = Debug|Any CPU
		{26C79507-71B5-4BEB-8935-A34F969AE2B9}.Debug|iPhone.ActiveCfg = Debug|Any CPU
		{26C79507-71B5-4BEB-8935-A34F969AE2B9}.Debug|iPhone.Build.0 = Debug|Any CPU
		{26C79507-71B5-4BEB-8935-A34F969AE2B9}.Debug|iPhoneSimulator.ActiveCfg = Debug|Any CPU
		{26C79507-71B5-4BEB-8935-A34F969AE2B9}.Debug|iPhoneSimulator.Build.0 = Debug|Any CPU
		{26C79507-71B5-4BEB-8935-A34F969AE2B9}.Debug|x64.ActiveCfg = Debug|Any CPU
		{26C79507-71B5-4BEB-8935-A34F969AE2B9}.Debug|x64.Build.0 = Debug|Any CPU
		{26C79507-71B5-4BEB-8935-A34F969AE2B9}.Debug|x86.ActiveCfg = Debug|Any CPU
		{26C79507-71B5-4BEB-8935-A34F969AE2B9}.Debug|x86.Build.0 = Debug|Any CPU
		{26C79507-71B5-4BEB-8935-A34F969AE2B9}.Release|Any CPU.ActiveCfg = Release|Any CPU
		{26C79507-71B5-4BEB-8935-A34F969AE2B9}.Release|Any CPU.Build.0 = Release|Any CPU
		{26C79507-71B5-4BEB-8935-A34F969AE2B9}.Release|ARM.ActiveCfg = Release|Any CPU
		{26C79507-71B5-4BEB-8935-A34F969AE2B9}.Release|ARM.Build.0 = Release|Any CPU
		{26C79507-71B5-4BEB-8935-A34F969AE2B9}.Release|ARM64.ActiveCfg = Release|Any CPU
		{26C79507-71B5-4BEB-8935-A34F969AE2B9}.Release|ARM64.Build.0 = Release|Any CPU
		{26C79507-71B5-4BEB-8935-A34F969AE2B9}.Release|iPhone.ActiveCfg = Release|Any CPU
		{26C79507-71B5-4BEB-8935-A34F969AE2B9}.Release|iPhone.Build.0 = Release|Any CPU
		{26C79507-71B5-4BEB-8935-A34F969AE2B9}.Release|iPhoneSimulator.ActiveCfg = Release|Any CPU
		{26C79507-71B5-4BEB-8935-A34F969AE2B9}.Release|iPhoneSimulator.Build.0 = Release|Any CPU
		{26C79507-71B5-4BEB-8935-A34F969AE2B9}.Release|x64.ActiveCfg = Release|Any CPU
		{26C79507-71B5-4BEB-8935-A34F969AE2B9}.Release|x64.Build.0 = Release|Any CPU
		{26C79507-71B5-4BEB-8935-A34F969AE2B9}.Release|x86.ActiveCfg = Release|Any CPU
		{26C79507-71B5-4BEB-8935-A34F969AE2B9}.Release|x86.Build.0 = Release|Any CPU
		{618AE46A-E4A5-406C-A3FE-B678044CD971}.Debug|Any CPU.ActiveCfg = Debug|Any CPU
		{618AE46A-E4A5-406C-A3FE-B678044CD971}.Debug|Any CPU.Build.0 = Debug|Any CPU
		{618AE46A-E4A5-406C-A3FE-B678044CD971}.Debug|ARM.ActiveCfg = Debug|Any CPU
		{618AE46A-E4A5-406C-A3FE-B678044CD971}.Debug|ARM.Build.0 = Debug|Any CPU
		{618AE46A-E4A5-406C-A3FE-B678044CD971}.Debug|ARM64.ActiveCfg = Debug|Any CPU
		{618AE46A-E4A5-406C-A3FE-B678044CD971}.Debug|ARM64.Build.0 = Debug|Any CPU
		{618AE46A-E4A5-406C-A3FE-B678044CD971}.Debug|iPhone.ActiveCfg = Debug|Any CPU
		{618AE46A-E4A5-406C-A3FE-B678044CD971}.Debug|iPhone.Build.0 = Debug|Any CPU
		{618AE46A-E4A5-406C-A3FE-B678044CD971}.Debug|iPhoneSimulator.ActiveCfg = Debug|Any CPU
		{618AE46A-E4A5-406C-A3FE-B678044CD971}.Debug|iPhoneSimulator.Build.0 = Debug|Any CPU
		{618AE46A-E4A5-406C-A3FE-B678044CD971}.Debug|x64.ActiveCfg = Debug|Any CPU
		{618AE46A-E4A5-406C-A3FE-B678044CD971}.Debug|x64.Build.0 = Debug|Any CPU
		{618AE46A-E4A5-406C-A3FE-B678044CD971}.Debug|x86.ActiveCfg = Debug|Any CPU
		{618AE46A-E4A5-406C-A3FE-B678044CD971}.Debug|x86.Build.0 = Debug|Any CPU
		{618AE46A-E4A5-406C-A3FE-B678044CD971}.Release|Any CPU.ActiveCfg = Release|Any CPU
		{618AE46A-E4A5-406C-A3FE-B678044CD971}.Release|Any CPU.Build.0 = Release|Any CPU
		{618AE46A-E4A5-406C-A3FE-B678044CD971}.Release|ARM.ActiveCfg = Release|Any CPU
		{618AE46A-E4A5-406C-A3FE-B678044CD971}.Release|ARM.Build.0 = Release|Any CPU
		{618AE46A-E4A5-406C-A3FE-B678044CD971}.Release|ARM64.ActiveCfg = Release|Any CPU
		{618AE46A-E4A5-406C-A3FE-B678044CD971}.Release|ARM64.Build.0 = Release|Any CPU
		{618AE46A-E4A5-406C-A3FE-B678044CD971}.Release|iPhone.ActiveCfg = Release|Any CPU
		{618AE46A-E4A5-406C-A3FE-B678044CD971}.Release|iPhone.Build.0 = Release|Any CPU
		{618AE46A-E4A5-406C-A3FE-B678044CD971}.Release|iPhoneSimulator.ActiveCfg = Release|Any CPU
		{618AE46A-E4A5-406C-A3FE-B678044CD971}.Release|iPhoneSimulator.Build.0 = Release|Any CPU
		{618AE46A-E4A5-406C-A3FE-B678044CD971}.Release|x64.ActiveCfg = Release|Any CPU
		{618AE46A-E4A5-406C-A3FE-B678044CD971}.Release|x64.Build.0 = Release|Any CPU
		{618AE46A-E4A5-406C-A3FE-B678044CD971}.Release|x86.ActiveCfg = Release|Any CPU
		{618AE46A-E4A5-406C-A3FE-B678044CD971}.Release|x86.Build.0 = Release|Any CPU
		{DB4CC898-1D9A-4554-85EF-2BE4958D66D9}.Debug|Any CPU.ActiveCfg = Debug|Any CPU
		{DB4CC898-1D9A-4554-85EF-2BE4958D66D9}.Debug|Any CPU.Build.0 = Debug|Any CPU
		{DB4CC898-1D9A-4554-85EF-2BE4958D66D9}.Debug|ARM.ActiveCfg = Debug|ARM
		{DB4CC898-1D9A-4554-85EF-2BE4958D66D9}.Debug|ARM.Build.0 = Debug|ARM
		{DB4CC898-1D9A-4554-85EF-2BE4958D66D9}.Debug|ARM64.ActiveCfg = Debug|ARM64
		{DB4CC898-1D9A-4554-85EF-2BE4958D66D9}.Debug|ARM64.Build.0 = Debug|ARM64
		{DB4CC898-1D9A-4554-85EF-2BE4958D66D9}.Debug|iPhone.ActiveCfg = Debug|Any CPU
		{DB4CC898-1D9A-4554-85EF-2BE4958D66D9}.Debug|iPhone.Build.0 = Debug|Any CPU
		{DB4CC898-1D9A-4554-85EF-2BE4958D66D9}.Debug|iPhoneSimulator.ActiveCfg = Debug|Any CPU
		{DB4CC898-1D9A-4554-85EF-2BE4958D66D9}.Debug|iPhoneSimulator.Build.0 = Debug|Any CPU
		{DB4CC898-1D9A-4554-85EF-2BE4958D66D9}.Debug|x64.ActiveCfg = Debug|x64
		{DB4CC898-1D9A-4554-85EF-2BE4958D66D9}.Debug|x64.Build.0 = Debug|x64
		{DB4CC898-1D9A-4554-85EF-2BE4958D66D9}.Debug|x86.ActiveCfg = Debug|x86
		{DB4CC898-1D9A-4554-85EF-2BE4958D66D9}.Debug|x86.Build.0 = Debug|x86
		{DB4CC898-1D9A-4554-85EF-2BE4958D66D9}.Release|Any CPU.ActiveCfg = Release|Any CPU
		{DB4CC898-1D9A-4554-85EF-2BE4958D66D9}.Release|Any CPU.Build.0 = Release|Any CPU
		{DB4CC898-1D9A-4554-85EF-2BE4958D66D9}.Release|ARM.ActiveCfg = Release|ARM
		{DB4CC898-1D9A-4554-85EF-2BE4958D66D9}.Release|ARM.Build.0 = Release|ARM
		{DB4CC898-1D9A-4554-85EF-2BE4958D66D9}.Release|ARM64.ActiveCfg = Release|ARM64
		{DB4CC898-1D9A-4554-85EF-2BE4958D66D9}.Release|ARM64.Build.0 = Release|ARM64
		{DB4CC898-1D9A-4554-85EF-2BE4958D66D9}.Release|iPhone.ActiveCfg = Release|Any CPU
		{DB4CC898-1D9A-4554-85EF-2BE4958D66D9}.Release|iPhone.Build.0 = Release|Any CPU
		{DB4CC898-1D9A-4554-85EF-2BE4958D66D9}.Release|iPhoneSimulator.ActiveCfg = Release|Any CPU
		{DB4CC898-1D9A-4554-85EF-2BE4958D66D9}.Release|iPhoneSimulator.Build.0 = Release|Any CPU
		{DB4CC898-1D9A-4554-85EF-2BE4958D66D9}.Release|x64.ActiveCfg = Release|x64
		{DB4CC898-1D9A-4554-85EF-2BE4958D66D9}.Release|x64.Build.0 = Release|x64
		{DB4CC898-1D9A-4554-85EF-2BE4958D66D9}.Release|x86.ActiveCfg = Release|x86
		{DB4CC898-1D9A-4554-85EF-2BE4958D66D9}.Release|x86.Build.0 = Release|x86
		{BA2DB924-1A41-4354-9C35-D1A6874C116C}.Debug|Any CPU.ActiveCfg = Debug|Any CPU
		{BA2DB924-1A41-4354-9C35-D1A6874C116C}.Debug|Any CPU.Build.0 = Debug|Any CPU
		{BA2DB924-1A41-4354-9C35-D1A6874C116C}.Debug|ARM.ActiveCfg = Debug|Any CPU
		{BA2DB924-1A41-4354-9C35-D1A6874C116C}.Debug|ARM.Build.0 = Debug|Any CPU
		{BA2DB924-1A41-4354-9C35-D1A6874C116C}.Debug|ARM64.ActiveCfg = Debug|Any CPU
		{BA2DB924-1A41-4354-9C35-D1A6874C116C}.Debug|ARM64.Build.0 = Debug|Any CPU
		{BA2DB924-1A41-4354-9C35-D1A6874C116C}.Debug|iPhone.ActiveCfg = Debug|Any CPU
		{BA2DB924-1A41-4354-9C35-D1A6874C116C}.Debug|iPhone.Build.0 = Debug|Any CPU
		{BA2DB924-1A41-4354-9C35-D1A6874C116C}.Debug|iPhoneSimulator.ActiveCfg = Debug|Any CPU
		{BA2DB924-1A41-4354-9C35-D1A6874C116C}.Debug|iPhoneSimulator.Build.0 = Debug|Any CPU
		{BA2DB924-1A41-4354-9C35-D1A6874C116C}.Debug|x64.ActiveCfg = Debug|Any CPU
		{BA2DB924-1A41-4354-9C35-D1A6874C116C}.Debug|x64.Build.0 = Debug|Any CPU
		{BA2DB924-1A41-4354-9C35-D1A6874C116C}.Debug|x86.ActiveCfg = Debug|Any CPU
		{BA2DB924-1A41-4354-9C35-D1A6874C116C}.Debug|x86.Build.0 = Debug|Any CPU
		{BA2DB924-1A41-4354-9C35-D1A6874C116C}.Release|Any CPU.ActiveCfg = Release|Any CPU
		{BA2DB924-1A41-4354-9C35-D1A6874C116C}.Release|Any CPU.Build.0 = Release|Any CPU
		{BA2DB924-1A41-4354-9C35-D1A6874C116C}.Release|ARM.ActiveCfg = Release|Any CPU
		{BA2DB924-1A41-4354-9C35-D1A6874C116C}.Release|ARM.Build.0 = Release|Any CPU
		{BA2DB924-1A41-4354-9C35-D1A6874C116C}.Release|ARM64.ActiveCfg = Release|Any CPU
		{BA2DB924-1A41-4354-9C35-D1A6874C116C}.Release|ARM64.Build.0 = Release|Any CPU
		{BA2DB924-1A41-4354-9C35-D1A6874C116C}.Release|iPhone.ActiveCfg = Release|Any CPU
		{BA2DB924-1A41-4354-9C35-D1A6874C116C}.Release|iPhone.Build.0 = Release|Any CPU
		{BA2DB924-1A41-4354-9C35-D1A6874C116C}.Release|iPhoneSimulator.ActiveCfg = Release|Any CPU
		{BA2DB924-1A41-4354-9C35-D1A6874C116C}.Release|iPhoneSimulator.Build.0 = Release|Any CPU
		{BA2DB924-1A41-4354-9C35-D1A6874C116C}.Release|x64.ActiveCfg = Release|Any CPU
		{BA2DB924-1A41-4354-9C35-D1A6874C116C}.Release|x64.Build.0 = Release|Any CPU
		{BA2DB924-1A41-4354-9C35-D1A6874C116C}.Release|x86.ActiveCfg = Release|Any CPU
		{BA2DB924-1A41-4354-9C35-D1A6874C116C}.Release|x86.Build.0 = Release|Any CPU
		{5473D42C-0BA9-4E39-873E-7B131E69911F}.Debug|Any CPU.ActiveCfg = Debug|Any CPU
		{5473D42C-0BA9-4E39-873E-7B131E69911F}.Debug|Any CPU.Build.0 = Debug|Any CPU
		{5473D42C-0BA9-4E39-873E-7B131E69911F}.Debug|ARM.ActiveCfg = Debug|Any CPU
		{5473D42C-0BA9-4E39-873E-7B131E69911F}.Debug|ARM.Build.0 = Debug|Any CPU
		{5473D42C-0BA9-4E39-873E-7B131E69911F}.Debug|ARM64.ActiveCfg = Debug|Any CPU
		{5473D42C-0BA9-4E39-873E-7B131E69911F}.Debug|ARM64.Build.0 = Debug|Any CPU
		{5473D42C-0BA9-4E39-873E-7B131E69911F}.Debug|iPhone.ActiveCfg = Debug|Any CPU
		{5473D42C-0BA9-4E39-873E-7B131E69911F}.Debug|iPhone.Build.0 = Debug|Any CPU
		{5473D42C-0BA9-4E39-873E-7B131E69911F}.Debug|iPhoneSimulator.ActiveCfg = Debug|Any CPU
		{5473D42C-0BA9-4E39-873E-7B131E69911F}.Debug|iPhoneSimulator.Build.0 = Debug|Any CPU
		{5473D42C-0BA9-4E39-873E-7B131E69911F}.Debug|x64.ActiveCfg = Debug|Any CPU
		{5473D42C-0BA9-4E39-873E-7B131E69911F}.Debug|x64.Build.0 = Debug|Any CPU
		{5473D42C-0BA9-4E39-873E-7B131E69911F}.Debug|x86.ActiveCfg = Debug|Any CPU
		{5473D42C-0BA9-4E39-873E-7B131E69911F}.Debug|x86.Build.0 = Debug|Any CPU
		{5473D42C-0BA9-4E39-873E-7B131E69911F}.Release|Any CPU.ActiveCfg = Release|Any CPU
		{5473D42C-0BA9-4E39-873E-7B131E69911F}.Release|Any CPU.Build.0 = Release|Any CPU
		{5473D42C-0BA9-4E39-873E-7B131E69911F}.Release|ARM.ActiveCfg = Release|Any CPU
		{5473D42C-0BA9-4E39-873E-7B131E69911F}.Release|ARM.Build.0 = Release|Any CPU
		{5473D42C-0BA9-4E39-873E-7B131E69911F}.Release|ARM64.ActiveCfg = Release|Any CPU
		{5473D42C-0BA9-4E39-873E-7B131E69911F}.Release|ARM64.Build.0 = Release|Any CPU
		{5473D42C-0BA9-4E39-873E-7B131E69911F}.Release|iPhone.ActiveCfg = Release|Any CPU
		{5473D42C-0BA9-4E39-873E-7B131E69911F}.Release|iPhone.Build.0 = Release|Any CPU
		{5473D42C-0BA9-4E39-873E-7B131E69911F}.Release|iPhoneSimulator.ActiveCfg = Release|Any CPU
		{5473D42C-0BA9-4E39-873E-7B131E69911F}.Release|iPhoneSimulator.Build.0 = Release|Any CPU
		{5473D42C-0BA9-4E39-873E-7B131E69911F}.Release|x64.ActiveCfg = Release|Any CPU
		{5473D42C-0BA9-4E39-873E-7B131E69911F}.Release|x64.Build.0 = Release|Any CPU
		{5473D42C-0BA9-4E39-873E-7B131E69911F}.Release|x86.ActiveCfg = Release|Any CPU
		{5473D42C-0BA9-4E39-873E-7B131E69911F}.Release|x86.Build.0 = Release|Any CPU
		{C22A9EFA-EB3B-45D8-843D-9347FF6445C5}.Debug|Any CPU.ActiveCfg = Debug|Any CPU
		{C22A9EFA-EB3B-45D8-843D-9347FF6445C5}.Debug|Any CPU.Build.0 = Debug|Any CPU
		{C22A9EFA-EB3B-45D8-843D-9347FF6445C5}.Debug|ARM.ActiveCfg = Debug|Any CPU
		{C22A9EFA-EB3B-45D8-843D-9347FF6445C5}.Debug|ARM.Build.0 = Debug|Any CPU
		{C22A9EFA-EB3B-45D8-843D-9347FF6445C5}.Debug|ARM64.ActiveCfg = Debug|Any CPU
		{C22A9EFA-EB3B-45D8-843D-9347FF6445C5}.Debug|ARM64.Build.0 = Debug|Any CPU
		{C22A9EFA-EB3B-45D8-843D-9347FF6445C5}.Debug|iPhone.ActiveCfg = Debug|Any CPU
		{C22A9EFA-EB3B-45D8-843D-9347FF6445C5}.Debug|iPhone.Build.0 = Debug|Any CPU
		{C22A9EFA-EB3B-45D8-843D-9347FF6445C5}.Debug|iPhoneSimulator.ActiveCfg = Debug|Any CPU
		{C22A9EFA-EB3B-45D8-843D-9347FF6445C5}.Debug|iPhoneSimulator.Build.0 = Debug|Any CPU
		{C22A9EFA-EB3B-45D8-843D-9347FF6445C5}.Debug|x64.ActiveCfg = Debug|Any CPU
		{C22A9EFA-EB3B-45D8-843D-9347FF6445C5}.Debug|x64.Build.0 = Debug|Any CPU
		{C22A9EFA-EB3B-45D8-843D-9347FF6445C5}.Debug|x86.ActiveCfg = Debug|Any CPU
		{C22A9EFA-EB3B-45D8-843D-9347FF6445C5}.Debug|x86.Build.0 = Debug|Any CPU
		{C22A9EFA-EB3B-45D8-843D-9347FF6445C5}.Release|Any CPU.ActiveCfg = Release|Any CPU
		{C22A9EFA-EB3B-45D8-843D-9347FF6445C5}.Release|Any CPU.Build.0 = Release|Any CPU
		{C22A9EFA-EB3B-45D8-843D-9347FF6445C5}.Release|ARM.ActiveCfg = Release|Any CPU
		{C22A9EFA-EB3B-45D8-843D-9347FF6445C5}.Release|ARM.Build.0 = Release|Any CPU
		{C22A9EFA-EB3B-45D8-843D-9347FF6445C5}.Release|ARM64.ActiveCfg = Release|Any CPU
		{C22A9EFA-EB3B-45D8-843D-9347FF6445C5}.Release|ARM64.Build.0 = Release|Any CPU
		{C22A9EFA-EB3B-45D8-843D-9347FF6445C5}.Release|iPhone.ActiveCfg = Release|Any CPU
		{C22A9EFA-EB3B-45D8-843D-9347FF6445C5}.Release|iPhone.Build.0 = Release|Any CPU
		{C22A9EFA-EB3B-45D8-843D-9347FF6445C5}.Release|iPhoneSimulator.ActiveCfg = Release|Any CPU
		{C22A9EFA-EB3B-45D8-843D-9347FF6445C5}.Release|iPhoneSimulator.Build.0 = Release|Any CPU
		{C22A9EFA-EB3B-45D8-843D-9347FF6445C5}.Release|x64.ActiveCfg = Release|Any CPU
		{C22A9EFA-EB3B-45D8-843D-9347FF6445C5}.Release|x64.Build.0 = Release|Any CPU
		{C22A9EFA-EB3B-45D8-843D-9347FF6445C5}.Release|x86.ActiveCfg = Release|Any CPU
		{C22A9EFA-EB3B-45D8-843D-9347FF6445C5}.Release|x86.Build.0 = Release|Any CPU
	EndGlobalSection
	GlobalSection(SolutionProperties) = preSolution
		HideSolutionNode = FALSE
	EndGlobalSection
	GlobalSection(NestedProjects) = preSolution
		{E4025ACC-8F57-41B4-944C-32F072D6971B} = {7FDB74C1-FE53-44AD-8E8C-07717369BA9D}
		{12B23537-77FA-4B8C-8CD3-737AABA647C1} = {7FDB74C1-FE53-44AD-8E8C-07717369BA9D}
		{792C31EF-3338-451D-8886-27C60B18DFEE} = {7FDB74C1-FE53-44AD-8E8C-07717369BA9D}
		{A1988096-1464-4CA3-857A-97178B2E9579} = {7FDB74C1-FE53-44AD-8E8C-07717369BA9D}
	EndGlobalSection
	GlobalSection(ExtensibilityGlobals) = postSolution
		SolutionGuid = {E554C31D-F5C8-4761-8EDE-354FE42B57A5}
	EndGlobalSection
EndGlobal
